Microsoft Visual Studio Solution File, Format Version 11.00
# Visual Studio 2008

Project("{9B12EA04-221B-6ADC-1E28-55E0F979C920}") = "BattleGrid", "Assembly-CSharp-firstpass-vs.csproj", "{074435EB-6D75-831B-984F-E72580E1FE98}"
EndProject
Project("{9B12EA04-221B-6ADC-1E28-55E0F979C920}") = "BattleGrid", "Assembly-CSharp-vs.csproj", "{F009CCC8-04BE-1DBC-2762-80E18FFA4834}"
EndProject
Global
	GlobalSection(SolutionConfigurationPlatforms) = preSolution
		Debug|Any CPU = Debug|Any CPU
		Release|Any CPU = Release|Any CPU
	EndGlobalSection
	GlobalSection(ProjectConfigurationPlatforms) = postSolution
		{074435EB-6D75-831B-984F-E72580E1FE98}.Debug|Any CPU.ActiveCfg = Debug|Any CPU
		{074435EB-6D75-831B-984F-E72580E1FE98}.Debug|Any CPU.Build.0 = Debug|Any CPU
		{074435EB-6D75-831B-984F-E72580E1FE98}.Release|Any CPU.ActiveCfg = Release|Any CPU
		{074435EB-6D75-831B-984F-E72580E1FE98}.Release|Any CPU.Build.0 = Release|Any CPU
		{F009CCC8-04BE-1DBC-2762-80E18FFA4834}.Debug|Any CPU.ActiveCfg = Debug|Any CPU
		{F009CCC8-04BE-1DBC-2762-80E18FFA4834}.Debug|Any CPU.Build.0 = Debug|Any CPU
		{F009CCC8-04BE-1DBC-2762-80E18FFA4834}.Release|Any CPU.ActiveCfg = Release|Any CPU
		{F009CCC8-04BE-1DBC-2762-80E18FFA4834}.Release|Any CPU.Build.0 = Release|Any CPU
	EndGlobalSection
	GlobalSection(SolutionProperties) = preSolution
		HideSolutionNode = FALSE
	EndGlobalSection
		GlobalSection(MonoDevelopProperties) = preSolution
		StartupItem = Assembly-CSharp.csproj
		Policies = $0
		$0.TextStylePolicy = $1
		$1.inheritsSet = null
		$1.scope = text/x-csharp
		$0.CSharpFormattingPolicy = $2
		$2.inheritsSet = Mono
		$2.inheritsScope = text/x-csharp
		$2.scope = text/x-csharp
		$0.TextStylePolicy = $3
		$3.FileWidth = 120
		$3.TabWidth = 4
		$3.EolMarker = Unix
		$3.inheritsSet = Mono
		$3.inheritsScope = text/plain
		$3.scope = text/plain
	EndGlobalSection

EndGlobal
